// !$*UTF8*$!
{
	archiveVersion = 1;
	classes = {
	};
	objectVersion = 46;
	objects = {

/* Begin PBXBuildFile section */
		5190337B1C7241E900D6F5AF /* AppDelegate.swift in Sources */ = {isa = PBXBuildFile; fileRef = 5190337A1C7241E900D6F5AF /* AppDelegate.swift */; };
		519033801C7241E900D6F5AF /* Main.storyboard in Resources */ = {isa = PBXBuildFile; fileRef = 5190337E1C7241E900D6F5AF /* Main.storyboard */; };
		519033821C7241E900D6F5AF /* Assets.xcassets in Resources */ = {isa = PBXBuildFile; fileRef = 519033811C7241E900D6F5AF /* Assets.xcassets */; };
		519033851C7241E900D6F5AF /* LaunchScreen.storyboard in Resources */ = {isa = PBXBuildFile; fileRef = 519033831C7241E900D6F5AF /* LaunchScreen.storyboard */; };
		519033941C7245E500D6F5AF /* BezGalleryCollectionViewController.swift in Sources */ = {isa = PBXBuildFile; fileRef = 519033931C7245E500D6F5AF /* BezGalleryCollectionViewController.swift */; };
		519033971C72465300D6F5AF /* BezProject.swift in Sources */ = {isa = PBXBuildFile; fileRef = 519033961C72465300D6F5AF /* BezProject.swift */; };
		5190339B1C724B5000D6F5AF /* Placeholder.xcassets in Resources */ = {isa = PBXBuildFile; fileRef = 5190339A1C724B5000D6F5AF /* Placeholder.xcassets */; };
		5190339E1C724DE300D6F5AF /* BezProjectCollectionViewCell.swift in Sources */ = {isa = PBXBuildFile; fileRef = 5190339D1C724DE300D6F5AF /* BezProjectCollectionViewCell.swift */; };
		519033A41C726DAF00D6F5AF /* BezProjectEditViewController.swift in Sources */ = {isa = PBXBuildFile; fileRef = 519033A31C726DAF00D6F5AF /* BezProjectEditViewController.swift */; };
/* End PBXBuildFile section */

/* Begin PBXFileReference section */
		519033771C7241E900D6F5AF /* Bez.app */ = {isa = PBXFileReference; explicitFileType = wrapper.application; includeInIndex = 0; path = Bez.app; sourceTree = BUILT_PRODUCTS_DIR; };
		5190337A1C7241E900D6F5AF /* AppDelegate.swift */ = {isa = PBXFileReference; lastKnownFileType = sourcecode.swift; path = AppDelegate.swift; sourceTree = "<group>"; };
		5190337F1C7241E900D6F5AF /* Base */ = {isa = PBXFileReference; lastKnownFileType = file.storyboard; name = Base; path = Base.lproj/Main.storyboard; sourceTree = "<group>"; };
		519033811C7241E900D6F5AF /* Assets.xcassets */ = {isa = PBXFileReference; lastKnownFileType = folder.assetcatalog; name = Assets.xcassets; path = Bez/Assets.xcassets; sourceTree = "<group>"; };
		519033841C7241E900D6F5AF /* Base */ = {isa = PBXFileReference; lastKnownFileType = file.storyboard; name = Base; path = Base.lproj/LaunchScreen.storyboard; sourceTree = "<group>"; };
		519033861C7241E900D6F5AF /* Info.plist */ = {isa = PBXFileReference; lastKnownFileType = text.plist.xml; path = Info.plist; sourceTree = "<group>"; };
		519033931C7245E500D6F5AF /* BezGalleryCollectionViewController.swift */ = {isa = PBXFileReference; fileEncoding = 4; lastKnownFileType = sourcecode.swift; path = BezGalleryCollectionViewController.swift; sourceTree = "<group>"; };
		519033961C72465300D6F5AF /* BezProject.swift */ = {isa = PBXFileReference; fileEncoding = 4; lastKnownFileType = sourcecode.swift; path = BezProject.swift; sourceTree = "<group>"; };
		5190339A1C724B5000D6F5AF /* Placeholder.xcassets */ = {isa = PBXFileReference; lastKnownFileType = folder.assetcatalog; path = Placeholder.xcassets; sourceTree = "<group>"; };
		5190339D1C724DE300D6F5AF /* BezProjectCollectionViewCell.swift */ = {isa = PBXFileReference; fileEncoding = 4; lastKnownFileType = sourcecode.swift; path = BezProjectCollectionViewCell.swift; sourceTree = "<group>"; };
		519033A31C726DAF00D6F5AF /* BezProjectEditViewController.swift */ = {isa = PBXFileReference; fileEncoding = 4; lastKnownFileType = sourcecode.swift; path = BezProjectEditViewController.swift; sourceTree = "<group>"; };
/* End PBXFileReference section */

/* Begin PBXFrameworksBuildPhase section */
		519033741C7241E900D6F5AF /* Frameworks */ = {
			isa = PBXFrameworksBuildPhase;
			buildActionMask = 2147483647;
			files = (
			);
			runOnlyForDeploymentPostprocessing = 0;
		};
/* End PBXFrameworksBuildPhase section */

/* Begin PBXGroup section */
		361BA5F8C1BEA4A067771E7D /* Frameworks */ = {
			isa = PBXGroup;
			children = (
			);
			name = Frameworks;
			sourceTree = "<group>";
		};
		5190336E1C7241E900D6F5AF = {
			isa = PBXGroup;
			children = (
				519033791C7241E900D6F5AF /* Bez */,
				519033781C7241E900D6F5AF /* Products */,
				361BA5F8C1BEA4A067771E7D /* Frameworks */,
			);
			sourceTree = "<group>";
		};
		519033781C7241E900D6F5AF /* Products */ = {
			isa = PBXGroup;
			children = (
				519033771C7241E900D6F5AF /* Bez.app */,
			);
			name = Products;
			sourceTree = "<group>";
		};
		519033791C7241E900D6F5AF /* Bez */ = {
			isa = PBXGroup;
			children = (
				5190339C1C724DCA00D6F5AF /* Views */,
				519033951C72464000D6F5AF /* Models */,
				519033911C72456300D6F5AF /* Controllers */,
				5190338E1C72426600D6F5AF /* Assets */,
				519033901C72454A00D6F5AF /* Other */,
				5190338F1C72452500D6F5AF /* Storyboards */,
				519033921C72457600D6F5AF /* Supporting Files */,
			);
			path = Bez;
			sourceTree = "<group>";
		};
		5190338E1C72426600D6F5AF /* Assets */ = {
			isa = PBXGroup;
			children = (
				519033811C7241E900D6F5AF /* Assets.xcassets */,
				5190339A1C724B5000D6F5AF /* Placeholder.xcassets */,
			);
			name = Assets;
			path = ..;
			sourceTree = "<group>";
		};
		5190338F1C72452500D6F5AF /* Storyboards */ = {
			isa = PBXGroup;
			children = (
				5190337E1C7241E900D6F5AF /* Main.storyboard */,
				519033831C7241E900D6F5AF /* LaunchScreen.storyboard */,
			);
			name = Storyboards;
			sourceTree = "<group>";
		};
		519033901C72454A00D6F5AF /* Other */ = {
			isa = PBXGroup;
			children = (
				5190337A1C7241E900D6F5AF /* AppDelegate.swift */,
			);
			name = Other;
			sourceTree = "<group>";
		};
		519033911C72456300D6F5AF /* Controllers */ = {
			isa = PBXGroup;
			children = (
				519033931C7245E500D6F5AF /* BezGalleryCollectionViewController.swift */,
				519033A31C726DAF00D6F5AF /* BezProjectEditViewController.swift */,
			);
			name = Controllers;
			sourceTree = "<group>";
		};
		519033921C72457600D6F5AF /* Supporting Files */ = {
			isa = PBXGroup;
			children = (
				519033861C7241E900D6F5AF /* Info.plist */,
			);
			name = "Supporting Files";
			sourceTree = "<group>";
		};
		519033951C72464000D6F5AF /* Models */ = {
			isa = PBXGroup;
			children = (
				519033961C72465300D6F5AF /* BezProject.swift */,
			);
			name = Models;
			sourceTree = "<group>";
		};
		5190339C1C724DCA00D6F5AF /* Views */ = {
			isa = PBXGroup;
			children = (
				5190339D1C724DE300D6F5AF /* BezProjectCollectionViewCell.swift */,
			);
			name = Views;
			sourceTree = "<group>";
		};
/* End PBXGroup section */

/* Begin PBXNativeTarget section */
		519033761C7241E900D6F5AF /* Bez */ = {
			isa = PBXNativeTarget;
			buildConfigurationList = 519033891C7241E900D6F5AF /* Build configuration list for PBXNativeTarget "Bez" */;
			buildPhases = (
				519033731C7241E900D6F5AF /* Sources */,
				519033741C7241E900D6F5AF /* Frameworks */,
				519033751C7241E900D6F5AF /* Resources */,
			);
			buildRules = (
			);
			dependencies = (
			);
			name = Bez;
			productName = Bez;
			productReference = 519033771C7241E900D6F5AF /* Bez.app */;
			productType = "com.apple.product-type.application";
		};
/* End PBXNativeTarget section */

/* Begin PBXProject section */
		5190336F1C7241E900D6F5AF /* Project object */ = {
			isa = PBXProject;
			attributes = {
				LastSwiftUpdateCheck = 0720;
				LastUpgradeCheck = 0720;
				ORGANIZATIONNAME = "Kei Yasui";
				TargetAttributes = {
					519033761C7241E900D6F5AF = {
						CreatedOnToolsVersion = 7.2;
						DevelopmentTeam = WUKV93WKP7;
					};
				};
			};
			buildConfigurationList = 519033721C7241E900D6F5AF /* Build configuration list for PBXProject "Bez" */;
			compatibilityVersion = "Xcode 3.2";
			developmentRegion = English;
			hasScannedForEncodings = 0;
			knownRegions = (
				en,
				Base,
			);
			mainGroup = 5190336E1C7241E900D6F5AF;
			productRefGroup = 519033781C7241E900D6F5AF /* Products */;
			projectDirPath = "";
			projectRoot = "";
			targets = (
				519033761C7241E900D6F5AF /* Bez */,
			);
		};
/* End PBXProject section */

/* Begin PBXResourcesBuildPhase section */
		519033751C7241E900D6F5AF /* Resources */ = {
			isa = PBXResourcesBuildPhase;
			buildActionMask = 2147483647;
			files = (
				519033851C7241E900D6F5AF /* LaunchScreen.storyboard in Resources */,
				519033821C7241E900D6F5AF /* Assets.xcassets in Resources */,
				519033801C7241E900D6F5AF /* Main.storyboard in Resources */,
				5190339B1C724B5000D6F5AF /* Placeholder.xcassets in Resources */,
			);
			runOnlyForDeploymentPostprocessing = 0;
		};
/* End PBXResourcesBuildPhase section */

/* Begin PBXSourcesBuildPhase section */
		519033731C7241E900D6F5AF /* Sources */ = {
			isa = PBXSourcesBuildPhase;
			buildActionMask = 2147483647;
			files = (
				5190339E1C724DE300D6F5AF /* BezProjectCollectionViewCell.swift in Sources */,
				519033971C72465300D6F5AF /* BezProject.swift in Sources */,
				519033A41C726DAF00D6F5AF /* BezProjectEditViewController.swift in Sources */,
				5190337B1C7241E900D6F5AF /* AppDelegate.swift in Sources */,
				519033941C7245E500D6F5AF /* BezGalleryCollectionViewController.swift in Sources */,
			);
			runOnlyForDeploymentPostprocessing = 0;
		};
/* End PBXSourcesBuildPhase section */

/* Begin PBXVariantGroup section */
		5190337E1C7241E900D6F5AF /* Main.storyboard */ = {
			isa = PBXVariantGroup;
			children = (
				5190337F1C7241E900D6F5AF /* Base */,
			);
			name = Main.storyboard;
			sourceTree = "<group>";
		};
		519033831C7241E900D6F5AF /* LaunchScreen.storyboard */ = {
			isa = PBXVariantGroup;
			children = (
				519033841C7241E900D6F5AF /* Base */,
			);
			name = LaunchScreen.storyboard;
			sourceTree = "<group>";
		};
/* End PBXVariantGroup section */

/* Begin XCBuildConfiguration section */
		519033871C7241E900D6F5AF /* Debug */ = {
			isa = XCBuildConfiguration;
			buildSettings = {
				ALWAYS_SEARCH_USER_PATHS = NO;
				CLANG_CXX_LANGUAGE_STANDARD = "gnu++0x";
				CLANG_CXX_LIBRARY = "libc++";
				CLANG_ENABLE_MODULES = YES;
				CLANG_ENABLE_OBJC_ARC = YES;
				CLANG_WARN_BOOL_CONVERSION = YES;
				CLANG_WARN_CONSTANT_CONVERSION = YES;
				CLANG_WARN_DIRECT_OBJC_ISA_USAGE = YES_ERROR;
				CLANG_WARN_EMPTY_BODY = YES;
				CLANG_WARN_ENUM_CONVERSION = YES;
				CLANG_WARN_INT_CONVERSION = YES;
				CLANG_WARN_OBJC_ROOT_CLASS = YES_ERROR;
				CLANG_WARN_UNREACHABLE_CODE = YES;
				CLANG_WARN__DUPLICATE_METHOD_MATCH = YES;
				"CODE_SIGN_IDENTITY[sdk=iphoneos*]" = "iPhone Developer";
				COPY_PHASE_STRIP = NO;
				DEBUG_INFORMATION_FORMAT = dwarf;
				ENABLE_STRICT_OBJC_MSGSEND = YES;
				ENABLE_TESTABILITY = YES;
				GCC_C_LANGUAGE_STANDARD = gnu99;
				GCC_DYNAMIC_NO_PIC = NO;
				GCC_NO_COMMON_BLOCKS = YES;
				GCC_OPTIMIZATION_LEVEL = 0;
				GCC_PREPROCESSOR_DEFINITIONS = (
					"DEBUG=1",
					"$(inherited)",
				);
				GCC_WARN_64_TO_32_BIT_CONVERSION = YES;
				GCC_WARN_ABOUT_RETURN_TYPE = YES_ERROR;
				GCC_WARN_UNDECLARED_SELECTOR = YES;
				GCC_WARN_UNINITIALIZED_AUTOS = YES_AGGRESSIVE;
				GCC_WARN_UNUSED_FUNCTION = YES;
				GCC_WARN_UNUSED_VARIABLE = YES;
				IPHONEOS_DEPLOYMENT_TARGET = 9.2;
				MTL_ENABLE_DEBUG_INFO = YES;
				ONLY_ACTIVE_ARCH = YES;
				SDKROOT = iphoneos;
				SWIFT_OPTIMIZATION_LEVEL = "-Onone";
			};
			name = Debug;
		};
		519033881C7241E900D6F5AF /* Release */ = {
			isa = XCBuildConfiguration;
			buildSettings = {
				ALWAYS_SEARCH_USER_PATHS = NO;
				CLANG_CXX_LANGUAGE_STANDARD = "gnu++0x";
				CLANG_CXX_LIBRARY = "libc++";
				CLANG_ENABLE_MODULES = YES;
				CLANG_ENABLE_OBJC_ARC = YES;
				CLANG_WARN_BOOL_CONVERSION = YES;
				CLANG_WARN_CONSTANT_CONVERSION = YES;
				CLANG_WARN_DIRECT_OBJC_ISA_USAGE = YES_ERROR;
				CLANG_WARN_EMPTY_BODY = YES;
				CLANG_WARN_ENUM_CONVERSION = YES;
				CLANG_WARN_INT_CONVERSION = YES;
				CLANG_WARN_OBJC_ROOT_CLASS = YES_ERROR;
				CLANG_WARN_UNREACHABLE_CODE = YES;
				CLANG_WARN__DUPLICATE_METHOD_MATCH = YES;
				"CODE_SIGN_IDENTITY[sdk=iphoneos*]" = "iPhone Developer";
				COPY_PHASE_STRIP = NO;
				DEBUG_INFORMATION_FORMAT = "dwarf-with-dsym";
				ENABLE_NS_ASSERTIONS = NO;
				ENABLE_STRICT_OBJC_MSGSEND = YES;
				GCC_C_LANGUAGE_STANDARD = gnu99;
				GCC_NO_COMMON_BLOCKS = YES;
				GCC_WARN_64_TO_32_BIT_CONVERSION = YES;
				GCC_WARN_ABOUT_RETURN_TYPE = YES_ERROR;
				GCC_WARN_UNDECLARED_SELECTOR = YES;
				GCC_WARN_UNINITIALIZED_AUTOS = YES_AGGRESSIVE;
				GCC_WARN_UNUSED_FUNCTION = YES;
				GCC_WARN_UNUSED_VARIABLE = YES;
				IPHONEOS_DEPLOYMENT_TARGET = 9.2;
				MTL_ENABLE_DEBUG_INFO = NO;
				SDKROOT = iphoneos;
				VALIDATE_PRODUCT = YES;
			};
			name = Release;
		};
		5190338A1C7241E900D6F5AF /* Debug */ = {
			isa = XCBuildConfiguration;
			buildSettings = {
				ASSETCATALOG_COMPILER_APPICON_NAME = AppIcon;
				INFOPLIST_FILE = Bez/Info.plist;
				LD_RUNPATH_SEARCH_PATHS = "$(inherited) @executable_path/Frameworks";
				PRODUCT_BUNDLE_IDENTIFIER = "Kei-Yasui.Bez";
				PRODUCT_NAME = "$(TARGET_NAME)";
			};
			name = Debug;
		};
		5190338B1C7241E900D6F5AF /* Release */ = {
			isa = XCBuildConfiguration;
			buildSettings = {
				ASSETCATALOG_COMPILER_APPICON_NAME = AppIcon;
				INFOPLIST_FILE = Bez/Info.plist;
				LD_RUNPATH_SEARCH_PATHS = "$(inherited) @executable_path/Frameworks";
				PRODUCT_BUNDLE_IDENTIFIER = "Kei-Yasui.Bez";
				PRODUCT_NAME = "$(TARGET_NAME)";
			};
			name = Release;
		};
/* End XCBuildConfiguration section */

/* Begin XCConfigurationList section */
		519033721C7241E900D6F5AF /* Build configuration list for PBXProject "Bez" */ = {
			isa = XCConfigurationList;
			buildConfigurations = (
				519033871C7241E900D6F5AF /* Debug */,
				519033881C7241E900D6F5AF /* Release */,
			);
			defaultConfigurationIsVisible = 0;
			defaultConfigurationName = Release;
		};
		519033891C7241E900D6F5AF /* Build configuration list for PBXNativeTarget "Bez" */ = {
			isa = XCConfigurationList;
			buildConfigurations = (
				5190338A1C7241E900D6F5AF /* Debug */,
				5190338B1C7241E900D6F5AF /* Release */,
			);
			defaultConfigurationIsVisible = 0;
			defaultConfigurationName = Release;
		};
/* End XCConfigurationList section */
	};
	rootObject = 5190336F1C7241E900D6F5AF /* Project object */;
}
